
Microsoft Visual Studio Solution File, Format Version 12.00
# Visual Studio 15
VisualStudioVersion = 15.0.26014.0
MinimumVisualStudioVersion = 10.0.40219.1
Project("{FAE04EC0-301F-11D3-BF4B-00C04F79EFBC}") = "HighPerformance", "HighPerformance\HighPerformance.csproj", "{B8B369B0-23BA-4B15-8AFD-E87730377940}"
EndProject
Project("{FAE04EC0-301F-11D3-BF4B-00C04F79EFBC}") = "HighPerformanceTests", "HighPerformanceTests\HighPerformanceTests.csproj", "{42C78E8D-EB5B-463B-9417-66CF9EAFDCFC}"
EndProject
Project("{2150E333-8FDC-42A3-9474-1A3956D46DE8}") = "Solution Items", "Solution Items", "{84979D91-A851-47FF-B1B3-EF35E7B3E1C9}"
	ProjectSection(SolutionItems) = preProject
		book.jpg = book.jpg
		LICENSE.txt = LICENSE.txt
		README.md = README.md
	EndProjectSection
EndProject
Global
	GlobalSection(SolutionConfigurationPlatforms) = preSolution
		Debug|Any CPU = Debug|Any CPU
		Release|Any CPU = Release|Any CPU
	EndGlobalSection
	GlobalSection(ProjectConfigurationPlatforms) = postSolution
		{B8B369B0-23BA-4B15-8AFD-E87730377940}.Debug|Any CPU.ActiveCfg = Debug|Any CPU
		{B8B369B0-23BA-4B15-8AFD-E87730377940}.Debug|Any CPU.Build.0 = Debug|Any CPU
		{B8B369B0-23BA-4B15-8AFD-E87730377940}.Release|Any CPU.ActiveCfg = Release|Any CPU
		{B8B369B0-23BA-4B15-8AFD-E87730377940}.Release|Any CPU.Build.0 = Release|Any CPU
		{42C78E8D-EB5B-463B-9417-66CF9EAFDCFC}.Debug|Any CPU.ActiveCfg = Debug|Any CPU
		{42C78E8D-EB5B-463B-9417-66CF9EAFDCFC}.Debug|Any CPU.Build.0 = Debug|Any CPU
		{42C78E8D-EB5B-463B-9417-66CF9EAFDCFC}.Release|Any CPU.ActiveCfg = Release|Any CPU
		{42C78E8D-EB5B-463B-9417-66CF9EAFDCFC}.Release|Any CPU.Build.0 = Release|Any CPU
	EndGlobalSection
	GlobalSection(SolutionProperties) = preSolution
		HideSolutionNode = FALSE
	EndGlobalSection
EndGlobal
